
Microsoft Visual Studio Solution File, Format Version 12.00
# Visual Studio 15
VisualStudioVersion = 15.0.27130.2003
MinimumVisualStudioVersion = 10.0.40219.1
Project("{FAE04EC0-301F-11D3-BF4B-00C04F79EFBC}") = "AbstractFactory", "AbstractFactory\AbstractFactory.csproj", "{03A63437-8D3B-4879-9F1C-7B5A6BB3398F}"
EndProject
Project("{FAE04EC0-301F-11D3-BF4B-00C04F79EFBC}") = "Builder", "Builder\Builder.csproj", "{5FFE61AF-B8DD-4F3D-A3C8-3A220D4C546A}"
EndProject
Project("{FAE04EC0-301F-11D3-BF4B-00C04F79EFBC}") = "FactoryMethod", "FactoryMethod\FactoryMethod.csproj", "{7326ED81-0F44-45B5-AAE9-5D096995EC33}"
EndProject
Project("{FAE04EC0-301F-11D3-BF4B-00C04F79EFBC}") = "Bridge", "Bridge\Bridge.csproj", "{BE515908-05EB-4C10-A3DE-F824D347AA0D}"
EndProject
Project("{FAE04EC0-301F-11D3-BF4B-00C04F79EFBC}") = "Composite", "Composite\Composite.csproj", "{3D64AFBA-F013-49AD-812F-06BD1CFCDC8C}"
EndProject
Project("{FAE04EC0-301F-11D3-BF4B-00C04F79EFBC}") = "Facade", "Facade\Facade.csproj", "{41286723-285D-4659-837D-6D49F415CAC3}"
EndProject
Project("{FAE04EC0-301F-11D3-BF4B-00C04F79EFBC}") = "Decorator", "Decorator\Decorator.csproj", "{3E793FFA-DEF4-4F6E-A391-A248056F3D8F}"
EndProject
Project("{FAE04EC0-301F-11D3-BF4B-00C04F79EFBC}") = "FlyWeight", "FlyWeight\FlyWeight.csproj", "{B2B338E9-A243-4E24-A3BF-120006235A37}"
EndProject
Project("{FAE04EC0-301F-11D3-BF4B-00C04F79EFBC}") = "Proxy", "Proxy\Proxy.csproj", "{CF579747-E220-4DD6-B771-2530B8F6320B}"
EndProject
Project("{FAE04EC0-301F-11D3-BF4B-00C04F79EFBC}") = "ChainOfResponsibility", "ChainOfResponsibility\ChainOfResponsibility.csproj", "{E420771A-F307-4225-89F1-93D6654EAD5D}"
EndProject
Global
	GlobalSection(SolutionConfigurationPlatforms) = preSolution
		Debug|Any CPU = Debug|Any CPU
		Release|Any CPU = Release|Any CPU
	EndGlobalSection
	GlobalSection(ProjectConfigurationPlatforms) = postSolution
		{03A63437-8D3B-4879-9F1C-7B5A6BB3398F}.Debug|Any CPU.ActiveCfg = Debug|Any CPU
		{03A63437-8D3B-4879-9F1C-7B5A6BB3398F}.Debug|Any CPU.Build.0 = Debug|Any CPU
		{03A63437-8D3B-4879-9F1C-7B5A6BB3398F}.Release|Any CPU.ActiveCfg = Release|Any CPU
		{03A63437-8D3B-4879-9F1C-7B5A6BB3398F}.Release|Any CPU.Build.0 = Release|Any CPU
		{5FFE61AF-B8DD-4F3D-A3C8-3A220D4C546A}.Debug|Any CPU.ActiveCfg = Debug|Any CPU
		{5FFE61AF-B8DD-4F3D-A3C8-3A220D4C546A}.Debug|Any CPU.Build.0 = Debug|Any CPU
		{5FFE61AF-B8DD-4F3D-A3C8-3A220D4C546A}.Release|Any CPU.ActiveCfg = Release|Any CPU
		{5FFE61AF-B8DD-4F3D-A3C8-3A220D4C546A}.Release|Any CPU.Build.0 = Release|Any CPU
		{7326ED81-0F44-45B5-AAE9-5D096995EC33}.Debug|Any CPU.ActiveCfg = Debug|Any CPU
		{7326ED81-0F44-45B5-AAE9-5D096995EC33}.Debug|Any CPU.Build.0 = Debug|Any CPU
		{7326ED81-0F44-45B5-AAE9-5D096995EC33}.Release|Any CPU.ActiveCfg = Release|Any CPU
		{7326ED81-0F44-45B5-AAE9-5D096995EC33}.Release|Any CPU.Build.0 = Release|Any CPU
		{BE515908-05EB-4C10-A3DE-F824D347AA0D}.Debug|Any CPU.ActiveCfg = Debug|Any CPU
		{BE515908-05EB-4C10-A3DE-F824D347AA0D}.Debug|Any CPU.Build.0 = Debug|Any CPU
		{BE515908-05EB-4C10-A3DE-F824D347AA0D}.Release|Any CPU.ActiveCfg = Release|Any CPU
		{BE515908-05EB-4C10-A3DE-F824D347AA0D}.Release|Any CPU.Build.0 = Release|Any CPU
		{3D64AFBA-F013-49AD-812F-06BD1CFCDC8C}.Debug|Any CPU.ActiveCfg = Debug|Any CPU
		{3D64AFBA-F013-49AD-812F-06BD1CFCDC8C}.Debug|Any CPU.Build.0 = Debug|Any CPU
		{3D64AFBA-F013-49AD-812F-06BD1CFCDC8C}.Release|Any CPU.ActiveCfg = Release|Any CPU
		{3D64AFBA-F013-49AD-812F-06BD1CFCDC8C}.Release|Any CPU.Build.0 = Release|Any CPU
		{41286723-285D-4659-837D-6D49F415CAC3}.Debug|Any CPU.ActiveCfg = Debug|Any CPU
		{41286723-285D-4659-837D-6D49F415CAC3}.Debug|Any CPU.Build.0 = Debug|Any CPU
		{41286723-285D-4659-837D-6D49F415CAC3}.Release|Any CPU.ActiveCfg = Release|Any CPU
		{41286723-285D-4659-837D-6D49F415CAC3}.Release|Any CPU.Build.0 = Release|Any CPU
		{3E793FFA-DEF4-4F6E-A391-A248056F3D8F}.Debug|Any CPU.ActiveCfg = Debug|Any CPU
		{3E793FFA-DEF4-4F6E-A391-A248056F3D8F}.Debug|Any CPU.Build.0 = Debug|Any CPU
		{3E793FFA-DEF4-4F6E-A391-A248056F3D8F}.Release|Any CPU.ActiveCfg = Release|Any CPU
		{3E793FFA-DEF4-4F6E-A391-A248056F3D8F}.Release|Any CPU.Build.0 = Release|Any CPU
		{B2B338E9-A243-4E24-A3BF-120006235A37}.Debug|Any CPU.ActiveCfg = Debug|Any CPU
		{B2B338E9-A243-4E24-A3BF-120006235A37}.Debug|Any CPU.Build.0 = Debug|Any CPU
		{B2B338E9-A243-4E24-A3BF-120006235A37}.Release|Any CPU.ActiveCfg = Release|Any CPU
		{B2B338E9-A243-4E24-A3BF-120006235A37}.Release|Any CPU.Build.0 = Release|Any CPU
		{CF579747-E220-4DD6-B771-2530B8F6320B}.Debug|Any CPU.ActiveCfg = Debug|Any CPU
		{CF579747-E220-4DD6-B771-2530B8F6320B}.Debug|Any CPU.Build.0 = Debug|Any CPU
		{CF579747-E220-4DD6-B771-2530B8F6320B}.Release|Any CPU.ActiveCfg = Release|Any CPU
		{CF579747-E220-4DD6-B771-2530B8F6320B}.Release|Any CPU.Build.0 = Release|Any CPU
		{E420771A-F307-4225-89F1-93D6654EAD5D}.Debug|Any CPU.ActiveCfg = Debug|Any CPU
		{E420771A-F307-4225-89F1-93D6654EAD5D}.Debug|Any CPU.Build.0 = Debug|Any CPU
		{E420771A-F307-4225-89F1-93D6654EAD5D}.Release|Any CPU.ActiveCfg = Release|Any CPU
		{E420771A-F307-4225-89F1-93D6654EAD5D}.Release|Any CPU.Build.0 = Release|Any CPU
	EndGlobalSection
	GlobalSection(SolutionProperties) = preSolution
		HideSolutionNode = FALSE
	EndGlobalSection
	GlobalSection(ExtensibilityGlobals) = postSolution
		SolutionGuid = {E87579C6-1AD2-474E-AA9D-50BBC0BCC51B}
	EndGlobalSection
EndGlobal
